github.com/robfig/cron/v3 v3.0.0 h1:kQ6Cb7aHOHTSzNVNEhmp8EcWKLb4CbiMW9h9VyIhO4E=
github.com/robfig/cron/v3 v3.0.0/go.mod h1:eQICP3HwyT7UooqI/z+Ov+PtYAWygg1TEWWzGIFLtro=
github.com/xlzd/gotp v0.0.0-20220817083547-a63b9d03d72f h1:C8De+7emQKojPBC+mXA0fr39XN5mKjRm9IUzdxI4whI=
github.com/xlzd/gotp v0.0.0-20220817083547-a63b9d03d72f/go.mod h1:ndLJ3JKzi3xLmUProq4LLxCuECL93dG9WASNLpHz8qg=
